// !$*UTF8*$!
{
	archiveVersion = 1;
	classes = {
	};
	objectVersion = 48;
	objects = {

/* Begin PBXBuildFile section */
		31585F0D226D6BB600BC8069 /* AppDelegate.swift in Sources */ = {isa = PBXBuildFile; fileRef = 31585F0C226D6BB600BC8069 /* AppDelegate.swift */; };
		31585F0F226D6BB600BC8069 /* ViewController.swift in Sources */ = {isa = PBXBuildFile; fileRef = 31585F0E226D6BB600BC8069 /* ViewController.swift */; };
		31585F12226D6BB600BC8069 /* Main.storyboard in Resources */ = {isa = PBXBuildFile; fileRef = 31585F10226D6BB600BC8069 /* Main.storyboard */; };
		31585F14226D6BB600BC8069 /* Assets.xcassets in Resources */ = {isa = PBXBuildFile; fileRef = 31585F13226D6BB600BC8069 /* Assets.xcassets */; };
		31585F17226D6BB600BC8069 /* LaunchScreen.storyboard in Resources */ = {isa = PBXBuildFile; fileRef = 31585F15226D6BB600BC8069 /* LaunchScreen.storyboard */; };
		31585F22226D6BB700BC8069 /* HydrantsTests.swift in Sources */ = {isa = PBXBuildFile; fileRef = 31585F21226D6BB700BC8069 /* HydrantsTests.swift */; };
		31585F2D226D6BB700BC8069 /* HydrantsUITests.swift in Sources */ = {isa = PBXBuildFile; fileRef = 31585F2C226D6BB700BC8069 /* HydrantsUITests.swift */; };
		31585F3C226D6BD800BC8069 /* MapKit.framework in Frameworks */ = {isa = PBXBuildFile; fileRef = 31585F3B226D6BD800BC8069 /* MapKit.framework */; };
		31585F3E226D6D1900BC8069 /* HydrantUpdate.swift in Sources */ = {isa = PBXBuildFile; fileRef = 31585F3D226D6D1900BC8069 /* HydrantUpdate.swift */; };
		31585F40226D6D2B00BC8069 /* HydrantStore.swift in Sources */ = {isa = PBXBuildFile; fileRef = 31585F3F226D6D2B00BC8069 /* HydrantStore.swift */; };
		31585F42226D6D3900BC8069 /* ImageStore.swift in Sources */ = {isa = PBXBuildFile; fileRef = 31585F41226D6D3900BC8069 /* ImageStore.swift */; };
		31585F44226D7D4900BC8069 /* HydrantAnnotation.swift in Sources */ = {isa = PBXBuildFile; fileRef = 31585F43226D7D4900BC8069 /* HydrantAnnotation.swift */; };
/* End PBXBuildFile section */

/* Begin PBXContainerItemProxy section */
		31585F1E226D6BB700BC8069 /* PBXContainerItemProxy */ = {
			isa = PBXContainerItemProxy;
			containerPortal = 31585F01226D6BB600BC8069 /* Project object */;
			proxyType = 1;
			remoteGlobalIDString = 31585F08226D6BB600BC8069;
			remoteInfo = Hydrants;
		};
		31585F29226D6BB700BC8069 /* PBXContainerItemProxy */ = {
			isa = PBXContainerItemProxy;
			containerPortal = 31585F01226D6BB600BC8069 /* Project object */;
			proxyType = 1;
			remoteGlobalIDString = 31585F08226D6BB600BC8069;
			remoteInfo = Hydrants;
		};
/* End PBXContainerItemProxy section */

/* Begin PBXFileReference section */
		31585F09226D6BB600BC8069 /* Hydrants.app */ = {isa = PBXFileReference; explicitFileType = wrapper.application; includeInIndex = 0; path = Hydrants.app; sourceTree = BUILT_PRODUCTS_DIR; };
		31585F0C226D6BB600BC8069 /* AppDelegate.swift */ = {isa = PBXFileReference; lastKnownFileType = sourcecode.swift; path = AppDelegate.swift; sourceTree = "<group>"; };
		31585F0E226D6BB600BC8069 /* ViewController.swift */ = {isa = PBXFileReference; lastKnownFileType = sourcecode.swift; path = ViewController.swift; sourceTree = "<group>"; };
		31585F11226D6BB600BC8069 /* Base */ = {isa = PBXFileReference; lastKnownFileType = file.storyboard; name = Base; path = Base.lproj/Main.storyboard; sourceTree = "<group>"; };
		31585F13226D6BB600BC8069 /* Assets.xcassets */ = {isa = PBXFileReference; lastKnownFileType = folder.assetcatalog; path = Assets.xcassets; sourceTree = "<group>"; };
		31585F16226D6BB600BC8069 /* Base */ = {isa = PBXFileReference; lastKnownFileType = file.storyboard; name = Base; path = Base.lproj/LaunchScreen.storyboard; sourceTree = "<group>"; };
		31585F18226D6BB600BC8069 /* Info.plist */ = {isa = PBXFileReference; lastKnownFileType = text.plist.xml; path = Info.plist; sourceTree = "<group>"; };
		31585F1D226D6BB700BC8069 /* HydrantsTests.xctest */ = {isa = PBXFileReference; explicitFileType = wrapper.cfbundle; includeInIndex = 0; path = HydrantsTests.xctest; sourceTree = BUILT_PRODUCTS_DIR; };
		31585F21226D6BB700BC8069 /* HydrantsTests.swift */ = {isa = PBXFileReference; lastKnownFileType = sourcecode.swift; path = HydrantsTests.swift; sourceTree = "<group>"; };
		31585F23226D6BB700BC8069 /* Info.plist */ = {isa = PBXFileReference; lastKnownFileType = text.plist.xml; path = Info.plist; sourceTree = "<group>"; };
		31585F28226D6BB700BC8069 /* HydrantsUITests.xctest */ = {isa = PBXFileReference; explicitFileType = wrapper.cfbundle; includeInIndex = 0; path = HydrantsUITests.xctest; sourceTree = BUILT_PRODUCTS_DIR; };
		31585F2C226D6BB700BC8069 /* HydrantsUITests.swift */ = {isa = PBXFileReference; lastKnownFileType = sourcecode.swift; path = HydrantsUITests.swift; sourceTree = "<group>"; };
		31585F2E226D6BB700BC8069 /* Info.plist */ = {isa = PBXFileReference; lastKnownFileType = text.plist.xml; path = Info.plist; sourceTree = "<group>"; };
		31585F3B226D6BD800BC8069 /* MapKit.framework */ = {isa = PBXFileReference; lastKnownFileType = wrapper.framework; name = MapKit.framework; path = System/Library/Frameworks/MapKit.framework; sourceTree = SDKROOT; };
		31585F3D226D6D1900BC8069 /* HydrantUpdate.swift */ = {isa = PBXFileReference; lastKnownFileType = sourcecode.swift; path = HydrantUpdate.swift; sourceTree = "<group>"; };
		31585F3F226D6D2B00BC8069 /* HydrantStore.swift */ = {isa = PBXFileReference; lastKnownFileType = sourcecode.swift; path = HydrantStore.swift; sourceTree = "<group>"; };
		31585F41226D6D3900BC8069 /* ImageStore.swift */ = {isa = PBXFileReference; lastKnownFileType = sourcecode.swift; path = ImageStore.swift; sourceTree = "<group>"; };
		31585F43226D7D4900BC8069 /* HydrantAnnotation.swift */ = {isa = PBXFileReference; lastKnownFileType = sourcecode.swift; path = HydrantAnnotation.swift; sourceTree = "<group>"; };
/* End PBXFileReference section */

/* Begin PBXFrameworksBuildPhase section */
		31585F06226D6BB600BC8069 /* Frameworks */ = {
			isa = PBXFrameworksBuildPhase;
			buildActionMask = 2147483647;
			files = (
				31585F3C226D6BD800BC8069 /* MapKit.framework in Frameworks */,
			);
			runOnlyForDeploymentPostprocessing = 0;
		};
		31585F1A226D6BB700BC8069 /* Frameworks */ = {
			isa = PBXFrameworksBuildPhase;
			buildActionMask = 2147483647;
			files = (
			);
			runOnlyForDeploymentPostprocessing = 0;
		};
		31585F25226D6BB700BC8069 /* Frameworks */ = {
			isa = PBXFrameworksBuildPhase;
			buildActionMask = 2147483647;
			files = (
			);
			runOnlyForDeploymentPostprocessing = 0;
		};
/* End PBXFrameworksBuildPhase section */

/* Begin PBXGroup section */
		31585F00226D6BB600BC8069 = {
			isa = PBXGroup;
			children = (
				31585F0B226D6BB600BC8069 /* Hydrants */,
				31585F20226D6BB700BC8069 /* HydrantsTests */,
				31585F2B226D6BB700BC8069 /* HydrantsUITests */,
				31585F0A226D6BB600BC8069 /* Products */,
				31585F3A226D6BD800BC8069 /* Frameworks */,
			);
			sourceTree = "<group>";
		};
		31585F0A226D6BB600BC8069 /* Products */ = {
			isa = PBXGroup;
			children = (
				31585F09226D6BB600BC8069 /* Hydrants.app */,
				31585F1D226D6BB700BC8069 /* HydrantsTests.xctest */,
				31585F28226D6BB700BC8069 /* HydrantsUITests.xctest */,
			);
			name = Products;
			sourceTree = "<group>";
		};
		31585F0B226D6BB600BC8069 /* Hydrants */ = {
			isa = PBXGroup;
			children = (
				31585F0C226D6BB600BC8069 /* AppDelegate.swift */,
				31585F0E226D6BB600BC8069 /* ViewController.swift */,
				31585F10226D6BB600BC8069 /* Main.storyboard */,
				31585F13226D6BB600BC8069 /* Assets.xcassets */,
				31585F15226D6BB600BC8069 /* LaunchScreen.storyboard */,
				31585F18226D6BB600BC8069 /* Info.plist */,
				31585F3D226D6D1900BC8069 /* HydrantUpdate.swift */,
				31585F3F226D6D2B00BC8069 /* HydrantStore.swift */,
				31585F41226D6D3900BC8069 /* ImageStore.swift */,
				31585F43226D7D4900BC8069 /* HydrantAnnotation.swift */,
			);
			path = Hydrants;
			sourceTree = "<group>";
		};
		31585F20226D6BB700BC8069 /* HydrantsTests */ = {
			isa = PBXGroup;
			children = (
				31585F21226D6BB700BC8069 /* HydrantsTests.swift */,
				31585F23226D6BB700BC8069 /* Info.plist */,
			);
			path = HydrantsTests;
			sourceTree = "<group>";
		};
		31585F2B226D6BB700BC8069 /* HydrantsUITests */ = {
			isa = PBXGroup;
			children = (
				31585F2C226D6BB700BC8069 /* HydrantsUITests.swift */,
				31585F2E226D6BB700BC8069 /* Info.plist */,
			);
			path = HydrantsUITests;
			sourceTree = "<group>";
		};
		31585F3A226D6BD800BC8069 /* Frameworks */ = {
			isa = PBXGroup;
			children = (
				31585F3B226D6BD800BC8069 /* MapKit.framework */,
			);
			name = Frameworks;
			sourceTree = "<group>";
		};
/* End PBXGroup section */

/* Begin PBXNativeTarget section */
		31585F08226D6BB600BC8069 /* Hydrants */ = {
			isa = PBXNativeTarget;
			buildConfigurationList = 31585F31226D6BB700BC8069 /* Build configuration list for PBXNativeTarget "Hydrants" */;
			buildPhases = (
				31585F05226D6BB600BC8069 /* Sources */,
				31585F06226D6BB600BC8069 /* Frameworks */,
				31585F07226D6BB600BC8069 /* Resources */,
			);
			buildRules = (
			);
			dependencies = (
			);
			name = Hydrants;
			productName = Hydrants;
			productReference = 31585F09226D6BB600BC8069 /* Hydrants.app */;
			productType = "com.apple.product-type.application";
		};
		31585F1C226D6BB700BC8069 /* HydrantsTests */ = {
			isa = PBXNativeTarget;
			buildConfigurationList = 31585F34226D6BB700BC8069 /* Build configuration list for PBXNativeTarget "HydrantsTests" */;
			buildPhases = (
				31585F19226D6BB700BC8069 /* Sources */,
				31585F1A226D6BB700BC8069 /* Frameworks */,
				31585F1B226D6BB700BC8069 /* Resources */,
			);
			buildRules = (
			);
			dependencies = (
				31585F1F226D6BB700BC8069 /* PBXTargetDependency */,
			);
			name = HydrantsTests;
			productName = HydrantsTests;
			productReference = 31585F1D226D6BB700BC8069 /* HydrantsTests.xctest */;
			productType = "com.apple.product-type.bundle.unit-test";
		};
		31585F27226D6BB700BC8069 /* HydrantsUITests */ = {
			isa = PBXNativeTarget;
			buildConfigurationList = 31585F37226D6BB700BC8069 /* Build configuration list for PBXNativeTarget "HydrantsUITests" */;
			buildPhases = (
				31585F24226D6BB700BC8069 /* Sources */,
				31585F25226D6BB700BC8069 /* Frameworks */,
				31585F26226D6BB700BC8069 /* Resources */,
			);
			buildRules = (
			);
			dependencies = (
				31585F2A226D6BB700BC8069 /* PBXTargetDependency */,
			);
			name = HydrantsUITests;
			productName = HydrantsUITests;
			productReference = 31585F28226D6BB700BC8069 /* HydrantsUITests.xctest */;
			productType = "com.apple.product-type.bundle.ui-testing";
		};
/* End PBXNativeTarget section */

/* Begin PBXProject section */
		31585F01226D6BB600BC8069 /* Project object */ = {
			isa = PBXProject;
			attributes = {
				LastSwiftUpdateCheck = 0920;
				LastUpgradeCheck = 0920;
				ORGANIZATIONNAME = AJMac;
				TargetAttributes = {
					31585F08226D6BB600BC8069 = {
						CreatedOnToolsVersion = 9.2;
						ProvisioningStyle = Automatic;
					};
					31585F1C226D6BB700BC8069 = {
						CreatedOnToolsVersion = 9.2;
						ProvisioningStyle = Automatic;
						TestTargetID = 31585F08226D6BB600BC8069;
					};
					31585F27226D6BB700BC8069 = {
						CreatedOnToolsVersion = 9.2;
						ProvisioningStyle = Automatic;
						TestTargetID = 31585F08226D6BB600BC8069;
					};
				};
			};
			buildConfigurationList = 31585F04226D6BB600BC8069 /* Build configuration list for PBXProject "Hydrants" */;
			compatibilityVersion = "Xcode 8.0";
			developmentRegion = en;
			hasScannedForEncodings = 0;
			knownRegions = (
				en,
				Base,
			);
			mainGroup = 31585F00226D6BB600BC8069;
			productRefGroup = 31585F0A226D6BB600BC8069 /* Products */;
			projectDirPath = "";
			projectRoot = "";
			targets = (
				31585F08226D6BB600BC8069 /* Hydrants */,
				31585F1C226D6BB700BC8069 /* HydrantsTests */,
				31585F27226D6BB700BC8069 /* HydrantsUITests */,
			);
		};
/* End PBXProject section */

/* Begin PBXResourcesBuildPhase section */
		31585F07226D6BB600BC8069 /* Resources */ = {
			isa = PBXResourcesBuildPhase;
			buildActionMask = 2147483647;
			files = (
				31585F17226D6BB600BC8069 /* LaunchScreen.storyboard in Resources */,
				31585F14226D6BB600BC8069 /* Assets.xcassets in Resources */,
				31585F12226D6BB600BC8069 /* Main.storyboard in Resources */,
			);
			runOnlyForDeploymentPostprocessing = 0;
		};
		31585F1B226D6BB700BC8069 /* Resources */ = {
			isa = PBXResourcesBuildPhase;
			buildActionMask = 2147483647;
			files = (
			);
			runOnlyForDeploymentPostprocessing = 0;
		};
		31585F26226D6BB700BC8069 /* Resources */ = {
			isa = PBXResourcesBuildPhase;
			buildActionMask = 2147483647;
			files = (
			);
			runOnlyForDeploymentPostprocessing = 0;
		};
/* End PBXResourcesBuildPhase section */

/* Begin PBXSourcesBuildPhase section */
		31585F05226D6BB600BC8069 /* Sources */ = {
			isa = PBXSourcesBuildPhase;
			buildActionMask = 2147483647;
			files = (
				31585F40226D6D2B00BC8069 /* HydrantStore.swift in Sources */,
				31585F3E226D6D1900BC8069 /* HydrantUpdate.swift in Sources */,
				31585F0F226D6BB600BC8069 /* ViewController.swift in Sources */,
				31585F42226D6D3900BC8069 /* ImageStore.swift in Sources */,
				31585F0D226D6BB600BC8069 /* AppDelegate.swift in Sources */,
				31585F44226D7D4900BC8069 /* HydrantAnnotation.swift in Sources */,
			);
			runOnlyForDeploymentPostprocessing = 0;
		};
		31585F19226D6BB700BC8069 /* Sources */ = {
			isa = PBXSourcesBuildPhase;
			buildActionMask = 2147483647;
			files = (
				31585F22226D6BB700BC8069 /* HydrantsTests.swift in Sources */,
			);
			runOnlyForDeploymentPostprocessing = 0;
		};
		31585F24226D6BB700BC8069 /* Sources */ = {
			isa = PBXSourcesBuildPhase;
			buildActionMask = 2147483647;
			files = (
				31585F2D226D6BB700BC8069 /* HydrantsUITests.swift in Sources */,
			);
			runOnlyForDeploymentPostprocessing = 0;
		};
/* End PBXSourcesBuildPhase section */

/* Begin PBXTargetDependency section */
		31585F1F226D6BB700BC8069 /* PBXTargetDependency */ = {
			isa = PBXTargetDependency;
			target = 31585F08226D6BB600BC8069 /* Hydrants */;
			targetProxy = 31585F1E226D6BB700BC8069 /* PBXContainerItemProxy */;
		};
		31585F2A226D6BB700BC8069 /* PBXTargetDependency */ = {
			isa = PBXTargetDependency;
			target = 31585F08226D6BB600BC8069 /* Hydrants */;
			targetProxy = 31585F29226D6BB700BC8069 /* PBXContainerItemProxy */;
		};
/* End PBXTargetDependency section */

/* Begin PBXVariantGroup section */
		31585F10226D6BB600BC8069 /* Main.storyboard */ = {
			isa = PBXVariantGroup;
			children = (
				31585F11226D6BB600BC8069 /* Base */,
			);
			name = Main.storyboard;
			sourceTree = "<group>";
		};
		31585F15226D6BB600BC8069 /* LaunchScreen.storyboard */ = {
			isa = PBXVariantGroup;
			children = (
				31585F16226D6BB600BC8069 /* Base */,
			);
			name = LaunchScreen.storyboard;
			sourceTree = "<group>";
		};
/* End PBXVariantGroup section */

/* Begin XCBuildConfiguration section */
		31585F2F226D6BB700BC8069 /* Debug */ = {
			isa = XCBuildConfiguration;
			buildSettings = {
				ALWAYS_SEARCH_USER_PATHS = NO;
				CLANG_ANALYZER_NONNULL = YES;
				CLANG_ANALYZER_NUMBER_OBJECT_CONVERSION = YES_AGGRESSIVE;
				CLANG_CXX_LANGUAGE_STANDARD = "gnu++14";
				CLANG_CXX_LIBRARY = "libc++";
				CLANG_ENABLE_MODULES = YES;
				CLANG_ENABLE_OBJC_ARC = YES;
				CLANG_WARN_BLOCK_CAPTURE_AUTORELEASING = YES;
				CLANG_WARN_BOOL_CONVERSION = YES;
				CLANG_WARN_COMMA = YES;
				CLANG_WARN_CONSTANT_CONVERSION = YES;
				CLANG_WARN_DIRECT_OBJC_ISA_USAGE = YES_ERROR;
				CLANG_WARN_DOCUMENTATION_COMMENTS = YES;
				CLANG_WARN_EMPTY_BODY = YES;
				CLANG_WARN_ENUM_CONVERSION = YES;
				CLANG_WARN_INFINITE_RECURSION = YES;
				CLANG_WARN_INT_CONVERSION = YES;
				CLANG_WARN_NON_LITERAL_NULL_CONVERSION = YES;
				CLANG_WARN_OBJC_LITERAL_CONVERSION = YES;
				CLANG_WARN_OBJC_ROOT_CLASS = YES_ERROR;
				CLANG_WARN_RANGE_LOOP_ANALYSIS = YES;
				CLANG_WARN_STRICT_PROTOTYPES = YES;
				CLANG_WARN_SUSPICIOUS_MOVE = YES;
				CLANG_WARN_UNGUARDED_AVAILABILITY = YES_AGGRESSIVE;
				CLANG_WARN_UNREACHABLE_CODE = YES;
				CLANG_WARN__DUPLICATE_METHOD_MATCH = YES;
				CODE_SIGN_IDENTITY = "iPhone Developer";
				COPY_PHASE_STRIP = NO;
				DEBUG_INFORMATION_FORMAT = dwarf;
				ENABLE_STRICT_OBJC_MSGSEND = YES;
				ENABLE_TESTABILITY = YES;
				GCC_C_LANGUAGE_STANDARD = gnu11;
				GCC_DYNAMIC_NO_PIC = NO;
				GCC_NO_COMMON_BLOCKS = YES;
				GCC_OPTIMIZATION_LEVEL = 0;
				GCC_PREPROCESSOR_DEFINITIONS = (
					"DEBUG=1",
					"$(inherited)",
				);
				GCC_WARN_64_TO_32_BIT_CONVERSION = YES;
				GCC_WARN_ABOUT_RETURN_TYPE = YES_ERROR;
				GCC_WARN_UNDECLARED_SELECTOR = YES;
				GCC_WARN_UNINITIALIZED_AUTOS = YES_AGGRESSIVE;
				GCC_WARN_UNUSED_FUNCTION = YES;
				GCC_WARN_UNUSED_VARIABLE = YES;
				IPHONEOS_DEPLOYMENT_TARGET = 11.2;
				MTL_ENABLE_DEBUG_INFO = YES;
				ONLY_ACTIVE_ARCH = YES;
				SDKROOT = iphoneos;
				SWIFT_ACTIVE_COMPILATION_CONDITIONS = DEBUG;
				SWIFT_OPTIMIZATION_LEVEL = "-Onone";
			};
			name = Debug;
		};
		31585F30226D6BB700BC8069 /* Release */ = {
			isa = XCBuildConfiguration;
			buildSettings = {
				ALWAYS_SEARCH_USER_PATHS = NO;
				CLANG_ANALYZER_NONNULL = YES;
				CLANG_ANALYZER_NUMBER_OBJECT_CONVERSION = YES_AGGRESSIVE;
				CLANG_CXX_LANGUAGE_STANDARD = "gnu++14";
				CLANG_CXX_LIBRARY = "libc++";
				CLANG_ENABLE_MODULES = YES;
				CLANG_ENABLE_OBJC_ARC = YES;
				CLANG_WARN_BLOCK_CAPTURE_AUTORELEASING = YES;
				CLANG_WARN_BOOL_CONVERSION = YES;
				CLANG_WARN_COMMA = YES;
				CLANG_WARN_CONSTANT_CONVERSION = YES;
				CLANG_WARN_DIRECT_OBJC_ISA_USAGE = YES_ERROR;
				CLANG_WARN_DOCUMENTATION_COMMENTS = YES;
				CLANG_WARN_EMPTY_BODY = YES;
				CLANG_WARN_ENUM_CONVERSION = YES;
				CLANG_WARN_INFINITE_RECURSION = YES;
				CLANG_WARN_INT_CONVERSION = YES;
				CLANG_WARN_NON_LITERAL_NULL_CONVERSION = YES;
				CLANG_WARN_OBJC_LITERAL_CONVERSION = YES;
				CLANG_WARN_OBJC_ROOT_CLASS = YES_ERROR;
				CLANG_WARN_RANGE_LOOP_ANALYSIS = YES;
				CLANG_WARN_STRICT_PROTOTYPES = YES;
				CLANG_WARN_SUSPICIOUS_MOVE = YES;
				CLANG_WARN_UNGUARDED_AVAILABILITY = YES_AGGRESSIVE;
				CLANG_WARN_UNREACHABLE_CODE = YES;
				CLANG_WARN__DUPLICATE_METHOD_MATCH = YES;
				CODE_SIGN_IDENTITY = "iPhone Developer";
				COPY_PHASE_STRIP = NO;
				DEBUG_INFORMATION_FORMAT = "dwarf-with-dsym";
				ENABLE_NS_ASSERTIONS = NO;
				ENABLE_STRICT_OBJC_MSGSEND = YES;
				GCC_C_LANGUAGE_STANDARD = gnu11;
				GCC_NO_COMMON_BLOCKS = YES;
				GCC_WARN_64_TO_32_BIT_CONVERSION = YES;
				GCC_WARN_ABOUT_RETURN_TYPE = YES_ERROR;
				GCC_WARN_UNDECLARED_SELECTOR = YES;
				GCC_WARN_UNINITIALIZED_AUTOS = YES_AGGRESSIVE;
				GCC_WARN_UNUSED_FUNCTION = YES;
				GCC_WARN_UNUSED_VARIABLE = YES;
				IPHONEOS_DEPLOYMENT_TARGET = 11.2;
				MTL_ENABLE_DEBUG_INFO = NO;
				SDKROOT = iphoneos;
				SWIFT_OPTIMIZATION_LEVEL = "-Owholemodule";
				VALIDATE_PRODUCT = YES;
			};
			name = Release;
		};
		31585F32226D6BB700BC8069 /* Debug */ = {
			isa = XCBuildConfiguration;
			buildSettings = {
				ASSETCATALOG_COMPILER_APPICON_NAME = AppIcon;
				CODE_SIGN_STYLE = Automatic;
				INFOPLIST_FILE = Hydrants/Info.plist;
				LD_RUNPATH_SEARCH_PATHS = "$(inherited) @executable_path/Frameworks";
				PRODUCT_BUNDLE_IDENTIFIER = com.ajmac.Hydrants;
				PRODUCT_NAME = "$(TARGET_NAME)";
				SWIFT_VERSION = 4.0;
				TARGETED_DEVICE_FAMILY = "1,2";
			};
			name = Debug;
		};
		31585F33226D6BB700BC8069 /* Release */ = {
			isa = XCBuildConfiguration;
			buildSettings = {
				ASSETCATALOG_COMPILER_APPICON_NAME = AppIcon;
				CODE_SIGN_STYLE = Automatic;
				INFOPLIST_FILE = Hydrants/Info.plist;
				LD_RUNPATH_SEARCH_PATHS = "$(inherited) @executable_path/Frameworks";
				PRODUCT_BUNDLE_IDENTIFIER = com.ajmac.Hydrants;
				PRODUCT_NAME = "$(TARGET_NAME)";
				SWIFT_VERSION = 4.0;
				TARGETED_DEVICE_FAMILY = "1,2";
			};
			name = Release;
		};
		31585F35226D6BB700BC8069 /* Debug */ = {
			isa = XCBuildConfiguration;
			buildSettings = {
				ALWAYS_EMBED_SWIFT_STANDARD_LIBRARIES = YES;
				BUNDLE_LOADER = "$(TEST_HOST)";
				CODE_SIGN_STYLE = Automatic;
				INFOPLIST_FILE = HydrantsTests/Info.plist;
				LD_RUNPATH_SEARCH_PATHS = "$(inherited) @executable_path/Frameworks @loader_path/Frameworks";
				PRODUCT_BUNDLE_IDENTIFIER = com.ajmac.HydrantsTests;
				PRODUCT_NAME = "$(TARGET_NAME)";
				SWIFT_VERSION = 4.0;
				TARGETED_DEVICE_FAMILY = "1,2";
				TEST_HOST = "$(BUILT_PRODUCTS_DIR)/Hydrants.app/Hydrants";
			};
			name = Debug;
		};
		31585F36226D6BB700BC8069 /* Release */ = {
			isa = XCBuildConfiguration;
			buildSettings = {
				ALWAYS_EMBED_SWIFT_STANDARD_LIBRARIES = YES;
				BUNDLE_LOADER = "$(TEST_HOST)";
				CODE_SIGN_STYLE = Automatic;
				INFOPLIST_FILE = HydrantsTests/Info.plist;
				LD_RUNPATH_SEARCH_PATHS = "$(inherited) @executable_path/Frameworks @loader_path/Frameworks";
				PRODUCT_BUNDLE_IDENTIFIER = com.ajmac.HydrantsTests;
				PRODUCT_NAME = "$(TARGET_NAME)";
				SWIFT_VERSION = 4.0;
				TARGETED_DEVICE_FAMILY = "1,2";
				TEST_HOST = "$(BUILT_PRODUCTS_DIR)/Hydrants.app/Hydrants";
			};
			name = Release;
		};
		31585F38226D6BB700BC8069 /* Debug */ = {
			isa = XCBuildConfiguration;
			buildSettings = {
				ALWAYS_EMBED_SWIFT_STANDARD_LIBRARIES = YES;
				CODE_SIGN_STYLE = Automatic;
				INFOPLIST_FILE = HydrantsUITests/Info.plist;
				LD_RUNPATH_SEARCH_PATHS = "$(inherited) @executable_path/Frameworks @loader_path/Frameworks";
				PRODUCT_BUNDLE_IDENTIFIER = com.ajmac.HydrantsUITests;
				PRODUCT_NAME = "$(TARGET_NAME)";
				SWIFT_VERSION = 4.0;
				TARGETED_DEVICE_FAMILY = "1,2";
				TEST_TARGET_NAME = Hydrants;
			};
			name = Debug;
		};
		31585F39226D6BB700BC8069 /* Release */ = {
			isa = XCBuildConfiguration;
			buildSettings = {
				ALWAYS_EMBED_SWIFT_STANDARD_LIBRARIES = YES;
				CODE_SIGN_STYLE = Automatic;
				INFOPLIST_FILE = HydrantsUITests/Info.plist;
				LD_RUNPATH_SEARCH_PATHS = "$(inherited) @executable_path/Frameworks @loader_path/Frameworks";
				PRODUCT_BUNDLE_IDENTIFIER = com.ajmac.HydrantsUITests;
				PRODUCT_NAME = "$(TARGET_NAME)";
				SWIFT_VERSION = 4.0;
				TARGETED_DEVICE_FAMILY = "1,2";
				TEST_TARGET_NAME = Hydrants;
			};
			name = Release;
		};
/* End XCBuildConfiguration section */

/* Begin XCConfigurationList section */
		31585F04226D6BB600BC8069 /* Build configuration list for PBXProject "Hydrants" */ = {
			isa = XCConfigurationList;
			buildConfigurations = (
				31585F2F226D6BB700BC8069 /* Debug */,
				31585F30226D6BB700BC8069 /* Release */,
			);
			defaultConfigurationIsVisible = 0;
			defaultConfigurationName = Release;
		};
		31585F31226D6BB700BC8069 /* Build configuration list for PBXNativeTarget "Hydrants" */ = {
			isa = XCConfigurationList;
			buildConfigurations = (
				31585F32226D6BB700BC8069 /* Debug */,
				31585F33226D6BB700BC8069 /* Release */,
			);
			defaultConfigurationIsVisible = 0;
			defaultConfigurationName = Release;
		};
		31585F34226D6BB700BC8069 /* Build configuration list for PBXNativeTarget "HydrantsTests" */ = {
			isa = XCConfigurationList;
			buildConfigurations = (
				31585F35226D6BB700BC8069 /* Debug */,
				31585F36226D6BB700BC8069 /* Release */,
			);
			defaultConfigurationIsVisible = 0;
			defaultConfigurationName = Release;
		};
		31585F37226D6BB700BC8069 /* Build configuration list for PBXNativeTarget "HydrantsUITests" */ = {
			isa = XCConfigurationList;
			buildConfigurations = (
				31585F38226D6BB700BC8069 /* Debug */,
				31585F39226D6BB700BC8069 /* Release */,
			);
			defaultConfigurationIsVisible = 0;
			defaultConfigurationName = Release;
		};
/* End XCConfigurationList section */
	};
	rootObject = 31585F01226D6BB600BC8069 /* Project object */;
}
